// !$*UTF8*$!
{
	archiveVersion = 1;
	classes = {
	};
	objectVersion = 56;
	objects = {

/* Begin PBXBuildFile section */
		902ACFD62A14ABC300FB206C /* FindSum.m in Sources */ = {isa = PBXBuildFile; fileRef = 902ACFD52A14ABC300FB206C /* FindSum.m */; };
		902E34EA29F68D2000BEDC4F /* RomanNumeral.m in Sources */ = {isa = PBXBuildFile; fileRef = 902E34E929F68D2000BEDC4F /* RomanNumeral.m */; };
		9096B8102A0E964A00D40420 /* test.m in Sources */ = {isa = PBXBuildFile; fileRef = 9096B80F2A0E964A00D40420 /* test.m */; };
		90E9E87729F3B75E00AEA8A0 /* main.m in Sources */ = {isa = PBXBuildFile; fileRef = 90E9E87629F3B75E00AEA8A0 /* main.m */; };
		90E9E88529F3CCAA00AEA8A0 /* ReverseString.m in Sources */ = {isa = PBXBuildFile; fileRef = 90E9E88429F3CCAA00AEA8A0 /* ReverseString.m */; };
		90E9E88B29F3ED2800AEA8A0 /* ReverseList.m in Sources */ = {isa = PBXBuildFile; fileRef = 90E9E88929F3ED2800AEA8A0 /* ReverseList.m */; };
		90E9E89729F3FCEE00AEA8A0 /* MergeTwoSortedArray.m in Sources */ = {isa = PBXBuildFile; fileRef = 90E9E89629F3FCEE00AEA8A0 /* MergeTwoSortedArray.m */; };
		90E9E89A29F42F0400AEA8A0 /* HashFind.m in Sources */ = {isa = PBXBuildFile; fileRef = 90E9E89929F42F0400AEA8A0 /* HashFind.m */; };
		90E9E89D29F44A3A00AEA8A0 /* FindMedian.m in Sources */ = {isa = PBXBuildFile; fileRef = 90E9E89C29F44A3A00AEA8A0 /* FindMedian.m */; };
		90E9E8A029F44A4B00AEA8A0 /* FindCommonSuperView.m in Sources */ = {isa = PBXBuildFile; fileRef = 90E9E89F29F44A4B00AEA8A0 /* FindCommonSuperView.m */; };
		90E9E8A629F50C8A00AEA8A0 /* BubbleSort.m in Sources */ = {isa = PBXBuildFile; fileRef = 90E9E8A529F50C8A00AEA8A0 /* BubbleSort.m */; };
		90E9E8A929F5217F00AEA8A0 /* SelectionSort.m in Sources */ = {isa = PBXBuildFile; fileRef = 90E9E8A829F5217F00AEA8A0 /* SelectionSort.m */; };
		90E9E8AC29F52AF200AEA8A0 /* InsertSort.m in Sources */ = {isa = PBXBuildFile; fileRef = 90E9E8AB29F52AF200AEA8A0 /* InsertSort.m */; };
/* End PBXBuildFile section */

/* Begin PBXCopyFilesBuildPhase section */
		90E9E87129F3B75E00AEA8A0 /* CopyFiles */ = {
			isa = PBXCopyFilesBuildPhase;
			buildActionMask = 2147483647;
			dstPath = /usr/share/man/man1/;
			dstSubfolderSpec = 0;
			files = (
			);
			runOnlyForDeploymentPostprocessing = 1;
		};
/* End PBXCopyFilesBuildPhase section */

/* Begin PBXFileReference section */
		902ACFD42A14ABC300FB206C /* FindSum.h */ = {isa = PBXFileReference; lastKnownFileType = sourcecode.c.h; path = FindSum.h; sourceTree = "<group>"; };
		902ACFD52A14ABC300FB206C /* FindSum.m */ = {isa = PBXFileReference; lastKnownFileType = sourcecode.c.objc; path = FindSum.m; sourceTree = "<group>"; };
		902E34E829F68D2000BEDC4F /* RomanNumeral.h */ = {isa = PBXFileReference; lastKnownFileType = sourcecode.c.h; path = RomanNumeral.h; sourceTree = "<group>"; };
		902E34E929F68D2000BEDC4F /* RomanNumeral.m */ = {isa = PBXFileReference; lastKnownFileType = sourcecode.c.objc; path = RomanNumeral.m; sourceTree = "<group>"; };
		9096B80E2A0E964A00D40420 /* test.h */ = {isa = PBXFileReference; lastKnownFileType = sourcecode.c.h; path = test.h; sourceTree = "<group>"; };
		9096B80F2A0E964A00D40420 /* test.m */ = {isa = PBXFileReference; lastKnownFileType = sourcecode.c.objc; path = test.m; sourceTree = "<group>"; };
		90E9E87329F3B75E00AEA8A0 /* BaseProject */ = {isa = PBXFileReference; explicitFileType = "compiled.mach-o.executable"; includeInIndex = 0; path = BaseProject; sourceTree = BUILT_PRODUCTS_DIR; };
		90E9E87629F3B75E00AEA8A0 /* main.m */ = {isa = PBXFileReference; lastKnownFileType = sourcecode.c.objc; path = main.m; sourceTree = "<group>"; };
		90E9E88329F3CCAA00AEA8A0 /* ReverseString.h */ = {isa = PBXFileReference; fileEncoding = 4; lastKnownFileType = sourcecode.c.h; path = ReverseString.h; sourceTree = "<group>"; };
		90E9E88429F3CCAA00AEA8A0 /* ReverseString.m */ = {isa = PBXFileReference; fileEncoding = 4; lastKnownFileType = sourcecode.c.objc; path = ReverseString.m; sourceTree = "<group>"; };
		90E9E88929F3ED2800AEA8A0 /* ReverseList.m */ = {isa = PBXFileReference; fileEncoding = 4; lastKnownFileType = sourcecode.c.objc; path = ReverseList.m; sourceTree = "<group>"; };
		90E9E88A29F3ED2800AEA8A0 /* ReverseList.h */ = {isa = PBXFileReference; fileEncoding = 4; lastKnownFileType = sourcecode.c.h; path = ReverseList.h; sourceTree = "<group>"; };
		90E9E89529F3FCEE00AEA8A0 /* MergeTwoSortedArray.h */ = {isa = PBXFileReference; lastKnownFileType = sourcecode.c.h; path = MergeTwoSortedArray.h; sourceTree = "<group>"; };
		90E9E89629F3FCEE00AEA8A0 /* MergeTwoSortedArray.m */ = {isa = PBXFileReference; lastKnownFileType = sourcecode.c.objc; path = MergeTwoSortedArray.m; sourceTree = "<group>"; };
		90E9E89829F42F0400AEA8A0 /* HashFind.h */ = {isa = PBXFileReference; lastKnownFileType = sourcecode.c.h; path = HashFind.h; sourceTree = "<group>"; };
		90E9E89929F42F0400AEA8A0 /* HashFind.m */ = {isa = PBXFileReference; lastKnownFileType = sourcecode.c.objc; path = HashFind.m; sourceTree = "<group>"; };
		90E9E89B29F44A3A00AEA8A0 /* FindMedian.h */ = {isa = PBXFileReference; lastKnownFileType = sourcecode.c.h; path = FindMedian.h; sourceTree = "<group>"; };
		90E9E89C29F44A3A00AEA8A0 /* FindMedian.m */ = {isa = PBXFileReference; lastKnownFileType = sourcecode.c.objc; path = FindMedian.m; sourceTree = "<group>"; };
		90E9E89E29F44A4B00AEA8A0 /* FindCommonSuperView.h */ = {isa = PBXFileReference; lastKnownFileType = sourcecode.c.h; path = FindCommonSuperView.h; sourceTree = "<group>"; };
		90E9E89F29F44A4B00AEA8A0 /* FindCommonSuperView.m */ = {isa = PBXFileReference; lastKnownFileType = sourcecode.c.objc; path = FindCommonSuperView.m; sourceTree = "<group>"; };
		90E9E8A429F50C8A00AEA8A0 /* BubbleSort.h */ = {isa = PBXFileReference; lastKnownFileType = sourcecode.c.h; path = BubbleSort.h; sourceTree = "<group>"; };
		90E9E8A529F50C8A00AEA8A0 /* BubbleSort.m */ = {isa = PBXFileReference; lastKnownFileType = sourcecode.c.objc; path = BubbleSort.m; sourceTree = "<group>"; };
		90E9E8A729F5217F00AEA8A0 /* SelectionSort.h */ = {isa = PBXFileReference; lastKnownFileType = sourcecode.c.h; path = SelectionSort.h; sourceTree = "<group>"; };
		90E9E8A829F5217F00AEA8A0 /* SelectionSort.m */ = {isa = PBXFileReference; lastKnownFileType = sourcecode.c.objc; path = SelectionSort.m; sourceTree = "<group>"; };
		90E9E8AA29F52AF200AEA8A0 /* InsertSort.h */ = {isa = PBXFileReference; lastKnownFileType = sourcecode.c.h; path = InsertSort.h; sourceTree = "<group>"; };
		90E9E8AB29F52AF200AEA8A0 /* InsertSort.m */ = {isa = PBXFileReference; lastKnownFileType = sourcecode.c.objc; path = InsertSort.m; sourceTree = "<group>"; };
/* End PBXFileReference section */

/* Begin PBXFrameworksBuildPhase section */
		90E9E87029F3B75E00AEA8A0 /* Frameworks */ = {
			isa = PBXFrameworksBuildPhase;
			buildActionMask = 2147483647;
			files = (
			);
			runOnlyForDeploymentPostprocessing = 0;
		};
/* End PBXFrameworksBuildPhase section */

/* Begin PBXGroup section */
		90E9E86A29F3B75E00AEA8A0 = {
			isa = PBXGroup;
			children = (
				902ACFD42A14ABC300FB206C /* FindSum.h */,
				902ACFD52A14ABC300FB206C /* FindSum.m */,
				90E9E87529F3B75E00AEA8A0 /* BaseProject */,
				90E9E87429F3B75E00AEA8A0 /* Products */,
			);
			sourceTree = "<group>";
		};
		90E9E87429F3B75E00AEA8A0 /* Products */ = {
			isa = PBXGroup;
			children = (
				90E9E87329F3B75E00AEA8A0 /* BaseProject */,
			);
			name = Products;
			sourceTree = "<group>";
		};
		90E9E87529F3B75E00AEA8A0 /* BaseProject */ = {
			isa = PBXGroup;
			children = (
				90E9E88A29F3ED2800AEA8A0 /* ReverseList.h */,
				90E9E88929F3ED2800AEA8A0 /* ReverseList.m */,
				90E9E88329F3CCAA00AEA8A0 /* ReverseString.h */,
				90E9E88429F3CCAA00AEA8A0 /* ReverseString.m */,
				90E9E87629F3B75E00AEA8A0 /* main.m */,
				90E9E89B29F44A3A00AEA8A0 /* FindMedian.h */,
				90E9E89C29F44A3A00AEA8A0 /* FindMedian.m */,
				90E9E8A429F50C8A00AEA8A0 /* BubbleSort.h */,
				90E9E8A529F50C8A00AEA8A0 /* BubbleSort.m */,
				9096B80E2A0E964A00D40420 /* test.h */,
				9096B80F2A0E964A00D40420 /* test.m */,
				90E9E8A729F5217F00AEA8A0 /* SelectionSort.h */,
				90E9E8A829F5217F00AEA8A0 /* SelectionSort.m */,
				90E9E8AA29F52AF200AEA8A0 /* InsertSort.h */,
				90E9E8AB29F52AF200AEA8A0 /* InsertSort.m */,
				90E9E89E29F44A4B00AEA8A0 /* FindCommonSuperView.h */,
				90E9E89F29F44A4B00AEA8A0 /* FindCommonSuperView.m */,
				902E34E829F68D2000BEDC4F /* RomanNumeral.h */,
				902E34E929F68D2000BEDC4F /* RomanNumeral.m */,
				90E9E89529F3FCEE00AEA8A0 /* MergeTwoSortedArray.h */,
				90E9E89629F3FCEE00AEA8A0 /* MergeTwoSortedArray.m */,
				90E9E89829F42F0400AEA8A0 /* HashFind.h */,
				90E9E89929F42F0400AEA8A0 /* HashFind.m */,
			);
			path = BaseProject;
			sourceTree = "<group>";
		};
/* End PBXGroup section */

/* Begin PBXNativeTarget section */
		90E9E87229F3B75E00AEA8A0 /* BaseProject */ = {
			isa = PBXNativeTarget;
			buildConfigurationList = 90E9E87A29F3B75E00AEA8A0 /* Build configuration list for PBXNativeTarget "BaseProject" */;
			buildPhases = (
				90E9E86F29F3B75E00AEA8A0 /* Sources */,
				90E9E87029F3B75E00AEA8A0 /* Frameworks */,
				90E9E87129F3B75E00AEA8A0 /* CopyFiles */,
			);
			buildRules = (
			);
			dependencies = (
			);
			name = BaseProject;
			productName = BaseProject;
			productReference = 90E9E87329F3B75E00AEA8A0 /* BaseProject */;
			productType = "com.apple.product-type.tool";
		};
/* End PBXNativeTarget section */

/* Begin PBXProject section */
		90E9E86B29F3B75E00AEA8A0 /* Project object */ = {
			isa = PBXProject;
			attributes = {
				BuildIndependentTargetsInParallel = 1;
				LastUpgradeCheck = 1420;
				TargetAttributes = {
					90E9E87229F3B75E00AEA8A0 = {
						CreatedOnToolsVersion = 14.2;
					};
				};
			};
			buildConfigurationList = 90E9E86E29F3B75E00AEA8A0 /* Build configuration list for PBXProject "BaseProject" */;
			compatibilityVersion = "Xcode 14.0";
			developmentRegion = en;
			hasScannedForEncodings = 0;
			knownRegions = (
				en,
				Base,
			);
			mainGroup = 90E9E86A29F3B75E00AEA8A0;
			productRefGroup = 90E9E87429F3B75E00AEA8A0 /* Products */;
			projectDirPath = "";
			projectRoot = "";
			targets = (
				90E9E87229F3B75E00AEA8A0 /* BaseProject */,
			);
		};
/* End PBXProject section */

/* Begin PBXSourcesBuildPhase section */
		90E9E86F29F3B75E00AEA8A0 /* Sources */ = {
			isa = PBXSourcesBuildPhase;
			buildActionMask = 2147483647;
			files = (
				90E9E8AC29F52AF200AEA8A0 /* InsertSort.m in Sources */,
				90E9E89A29F42F0400AEA8A0 /* HashFind.m in Sources */,
				90E9E8A029F44A4B00AEA8A0 /* FindCommonSuperView.m in Sources */,
				90E9E87729F3B75E00AEA8A0 /* main.m in Sources */,
				90E9E8A629F50C8A00AEA8A0 /* BubbleSort.m in Sources */,
				9096B8102A0E964A00D40420 /* test.m in Sources */,
				90E9E88529F3CCAA00AEA8A0 /* ReverseString.m in Sources */,
				90E9E89729F3FCEE00AEA8A0 /* MergeTwoSortedArray.m in Sources */,
				902ACFD62A14ABC300FB206C /* FindSum.m in Sources */,
				90E9E8A929F5217F00AEA8A0 /* SelectionSort.m in Sources */,
				902E34EA29F68D2000BEDC4F /* RomanNumeral.m in Sources */,
				90E9E89D29F44A3A00AEA8A0 /* FindMedian.m in Sources */,
				90E9E88B29F3ED2800AEA8A0 /* ReverseList.m in Sources */,
			);
			runOnlyForDeploymentPostprocessing = 0;
		};
/* End PBXSourcesBuildPhase section */

/* Begin XCBuildConfiguration section */
		90E9E87829F3B75E00AEA8A0 /* Debug */ = {
			isa = XCBuildConfiguration;
			buildSettings = {
				ALWAYS_SEARCH_USER_PATHS = NO;
				CLANG_ANALYZER_NONNULL = YES;
				CLANG_ANALYZER_NUMBER_OBJECT_CONVERSION = YES_AGGRESSIVE;
				CLANG_CXX_LANGUAGE_STANDARD = "gnu++20";
				CLANG_ENABLE_MODULES = YES;
				CLANG_ENABLE_OBJC_ARC = YES;
				CLANG_ENABLE_OBJC_WEAK = YES;
				CLANG_WARN_BLOCK_CAPTURE_AUTORELEASING = YES;
				CLANG_WARN_BOOL_CONVERSION = YES;
				CLANG_WARN_COMMA = YES;
				CLANG_WARN_CONSTANT_CONVERSION = YES;
				CLANG_WARN_DEPRECATED_OBJC_IMPLEMENTATIONS = YES;
				CLANG_WARN_DIRECT_OBJC_ISA_USAGE = YES_ERROR;
				CLANG_WARN_DOCUMENTATION_COMMENTS = YES;
				CLANG_WARN_EMPTY_BODY = YES;
				CLANG_WARN_ENUM_CONVERSION = YES;
				CLANG_WARN_INFINITE_RECURSION = YES;
				CLANG_WARN_INT_CONVERSION = YES;
				CLANG_WARN_NON_LITERAL_NULL_CONVERSION = YES;
				CLANG_WARN_OBJC_IMPLICIT_RETAIN_SELF = YES;
				CLANG_WARN_OBJC_LITERAL_CONVERSION = YES;
				CLANG_WARN_OBJC_ROOT_CLASS = YES_ERROR;
				CLANG_WARN_QUOTED_INCLUDE_IN_FRAMEWORK_HEADER = YES;
				CLANG_WARN_RANGE_LOOP_ANALYSIS = YES;
				CLANG_WARN_STRICT_PROTOTYPES = YES;
				CLANG_WARN_SUSPICIOUS_MOVE = YES;
				CLANG_WARN_UNGUARDED_AVAILABILITY = YES_AGGRESSIVE;
				CLANG_WARN_UNREACHABLE_CODE = YES;
				CLANG_WARN__DUPLICATE_METHOD_MATCH = YES;
				COPY_PHASE_STRIP = NO;
				DEBUG_INFORMATION_FORMAT = dwarf;
				ENABLE_STRICT_OBJC_MSGSEND = YES;
				ENABLE_TESTABILITY = YES;
				GCC_C_LANGUAGE_STANDARD = gnu11;
				GCC_DYNAMIC_NO_PIC = NO;
				GCC_NO_COMMON_BLOCKS = YES;
				GCC_OPTIMIZATION_LEVEL = 0;
				GCC_PREPROCESSOR_DEFINITIONS = (
					"DEBUG=1",
					"$(inherited)",
				);
				GCC_WARN_64_TO_32_BIT_CONVERSION = YES;
				GCC_WARN_ABOUT_RETURN_TYPE = YES_ERROR;
				GCC_WARN_UNDECLARED_SELECTOR = YES;
				GCC_WARN_UNINITIALIZED_AUTOS = YES_AGGRESSIVE;
				GCC_WARN_UNUSED_FUNCTION = YES;
				GCC_WARN_UNUSED_VARIABLE = YES;
				MACOSX_DEPLOYMENT_TARGET = 12.6;
				MTL_ENABLE_DEBUG_INFO = INCLUDE_SOURCE;
				MTL_FAST_MATH = YES;
				ONLY_ACTIVE_ARCH = YES;
				SDKROOT = macosx;
			};
			name = Debug;
		};
		90E9E87929F3B75E00AEA8A0 /* Release */ = {
			isa = XCBuildConfiguration;
			buildSettings = {
				ALWAYS_SEARCH_USER_PATHS = NO;
				CLANG_ANALYZER_NONNULL = YES;
				CLANG_ANALYZER_NUMBER_OBJECT_CONVERSION = YES_AGGRESSIVE;
				CLANG_CXX_LANGUAGE_STANDARD = "gnu++20";
				CLANG_ENABLE_MODULES = YES;
				CLANG_ENABLE_OBJC_ARC = YES;
				CLANG_ENABLE_OBJC_WEAK = YES;
				CLANG_WARN_BLOCK_CAPTURE_AUTORELEASING = YES;
				CLANG_WARN_BOOL_CONVERSION = YES;
				CLANG_WARN_COMMA = YES;
				CLANG_WARN_CONSTANT_CONVERSION = YES;
				CLANG_WARN_DEPRECATED_OBJC_IMPLEMENTATIONS = YES;
				CLANG_WARN_DIRECT_OBJC_ISA_USAGE = YES_ERROR;
				CLANG_WARN_DOCUMENTATION_COMMENTS = YES;
				CLANG_WARN_EMPTY_BODY = YES;
				CLANG_WARN_ENUM_CONVERSION = YES;
				CLANG_WARN_INFINITE_RECURSION = YES;
				CLANG_WARN_INT_CONVERSION = YES;
				CLANG_WARN_NON_LITERAL_NULL_CONVERSION = YES;
				CLANG_WARN_OBJC_IMPLICIT_RETAIN_SELF = YES;
				CLANG_WARN_OBJC_LITERAL_CONVERSION = YES;
				CLANG_WARN_OBJC_ROOT_CLASS = YES_ERROR;
				CLANG_WARN_QUOTED_INCLUDE_IN_FRAMEWORK_HEADER = YES;
				CLANG_WARN_RANGE_LOOP_ANALYSIS = YES;
				CLANG_WARN_STRICT_PROTOTYPES = YES;
				CLANG_WARN_SUSPICIOUS_MOVE = YES;
				CLANG_WARN_UNGUARDED_AVAILABILITY = YES_AGGRESSIVE;
				CLANG_WARN_UNREACHABLE_CODE = YES;
				CLANG_WARN__DUPLICATE_METHOD_MATCH = YES;
				COPY_PHASE_STRIP = NO;
				DEBUG_INFORMATION_FORMAT = "dwarf-with-dsym";
				ENABLE_NS_ASSERTIONS = NO;
				ENABLE_STRICT_OBJC_MSGSEND = YES;
				GCC_C_LANGUAGE_STANDARD = gnu11;
				GCC_NO_COMMON_BLOCKS = YES;
				GCC_WARN_64_TO_32_BIT_CONVERSION = YES;
				GCC_WARN_ABOUT_RETURN_TYPE = YES_ERROR;
				GCC_WARN_UNDECLARED_SELECTOR = YES;
				GCC_WARN_UNINITIALIZED_AUTOS = YES_AGGRESSIVE;
				GCC_WARN_UNUSED_FUNCTION = YES;
				GCC_WARN_UNUSED_VARIABLE = YES;
				MACOSX_DEPLOYMENT_TARGET = 12.6;
				MTL_ENABLE_DEBUG_INFO = NO;
				MTL_FAST_MATH = YES;
				SDKROOT = macosx;
			};
			name = Release;
		};
		90E9E87B29F3B75E00AEA8A0 /* Debug */ = {
			isa = XCBuildConfiguration;
			buildSettings = {
				CODE_SIGN_STYLE = Automatic;
				DEVELOPMENT_TEAM = 8FBBY2SRU5;
				ENABLE_HARDENED_RUNTIME = YES;
				PRODUCT_NAME = "$(TARGET_NAME)";
			};
			name = Debug;
		};
		90E9E87C29F3B75E00AEA8A0 /* Release */ = {
			isa = XCBuildConfiguration;
			buildSettings = {
				CODE_SIGN_STYLE = Automatic;
				DEVELOPMENT_TEAM = 8FBBY2SRU5;
				ENABLE_HARDENED_RUNTIME = YES;
				PRODUCT_NAME = "$(TARGET_NAME)";
			};
			name = Release;
		};
/* End XCBuildConfiguration section */

/* Begin XCConfigurationList section */
		90E9E86E29F3B75E00AEA8A0 /* Build configuration list for PBXProject "BaseProject" */ = {
			isa = XCConfigurationList;
			buildConfigurations = (
				90E9E87829F3B75E00AEA8A0 /* Debug */,
				90E9E87929F3B75E00AEA8A0 /* Release */,
			);
			defaultConfigurationIsVisible = 0;
			defaultConfigurationName = Release;
		};
		90E9E87A29F3B75E00AEA8A0 /* Build configuration list for PBXNativeTarget "BaseProject" */ = {
			isa = XCConfigurationList;
			buildConfigurations = (
				90E9E87B29F3B75E00AEA8A0 /* Debug */,
				90E9E87C29F3B75E00AEA8A0 /* Release */,
			);
			defaultConfigurationIsVisible = 0;
			defaultConfigurationName = Release;
		};
/* End XCConfigurationList section */
	};
	rootObject = 90E9E86B29F3B75E00AEA8A0 /* Project object */;
}
